// !$*UTF8*$!
{
	archiveVersion = 1;
	classes = {
	};
	objectVersion = 48;
	objects = {

/* Begin PBXBuildFile section */
		2E0E63A2208BF99E00CE02AA /* OlvViewController.swift in Sources */ = {isa = PBXBuildFile; fileRef = 2E0E63A1208BF99E00CE02AA /* OlvViewController.swift */; };
		2E1762AB200F7BD300E8AD68 /* SecondViewController.swift in Sources */ = {isa = PBXBuildFile; fileRef = 2E1762AA200F7BD300E8AD68 /* SecondViewController.swift */; };
		2E4BCE542020C05100B5307F /* ARKit.framework in Frameworks */ = {isa = PBXBuildFile; fileRef = 2E4BCE4D2020C05100B5307F /* ARKit.framework */; };
		2EC3850B200E376E00ED064B /* AppDelegate.swift in Sources */ = {isa = PBXBuildFile; fileRef = 2EC3850A200E376E00ED064B /* AppDelegate.swift */; };
		2EC3850D200E376E00ED064B /* art.scnassets in Resources */ = {isa = PBXBuildFile; fileRef = 2EC3850C200E376E00ED064B /* art.scnassets */; };
		2EC3850F200E376E00ED064B /* ViewController.swift in Sources */ = {isa = PBXBuildFile; fileRef = 2EC3850E200E376E00ED064B /* ViewController.swift */; };
		2EC38512200E376E00ED064B /* Main.storyboard in Resources */ = {isa = PBXBuildFile; fileRef = 2EC38510200E376E00ED064B /* Main.storyboard */; };
		2EC38514200E376E00ED064B /* Assets.xcassets in Resources */ = {isa = PBXBuildFile; fileRef = 2EC38513200E376E00ED064B /* Assets.xcassets */; };
		2EC38517200E376E00ED064B /* LaunchScreen.storyboard in Resources */ = {isa = PBXBuildFile; fileRef = 2EC38515200E376E00ED064B /* LaunchScreen.storyboard */; };
		2EC38522200E3D2800ED064B /* Package.swift in Sources */ = {isa = PBXBuildFile; fileRef = 2EC38521200E3D2800ED064B /* Package.swift */; };
/* End PBXBuildFile section */

/* Begin PBXContainerItemProxy section */
		2E17629E200F662E00E8AD68 /* PBXContainerItemProxy */ = {
			isa = PBXContainerItemProxy;
			containerPortal = 2E17629A200F662D00E8AD68 /* iOS.xcodeproj */;
			proxyType = 2;
			remoteGlobalIDString = 036486761F820BBD00F3D6CE;
			remoteInfo = SwiftOSC;
		};
/* End PBXContainerItemProxy section */

/* Begin PBXCopyFilesBuildPhase section */
		2EF6429C208B3603004B0FAE /* Embed Frameworks */ = {
			isa = PBXCopyFilesBuildPhase;
			buildActionMask = 2147483647;
			dstPath = "";
			dstSubfolderSpec = 10;
			files = (
			);
			name = "Embed Frameworks";
			runOnlyForDeploymentPostprocessing = 0;
		};
/* End PBXCopyFilesBuildPhase section */

/* Begin PBXFileReference section */
		2E0E63A1208BF99E00CE02AA /* OlvViewController.swift */ = {isa = PBXFileReference; lastKnownFileType = sourcecode.swift; path = OlvViewController.swift; sourceTree = "<group>"; };
		2E17629A200F662D00E8AD68 /* iOS.xcodeproj */ = {isa = PBXFileReference; lastKnownFileType = "wrapper.pb-project"; name = iOS.xcodeproj; path = ../SwiftOSC/Framework/iOS/iOS.xcodeproj; sourceTree = "<group>"; };
		2E1762AA200F7BD300E8AD68 /* SecondViewController.swift */ = {isa = PBXFileReference; lastKnownFileType = sourcecode.swift; path = SecondViewController.swift; sourceTree = "<group>"; };
		2E4BCE4D2020C05100B5307F /* ARKit.framework */ = {isa = PBXFileReference; lastKnownFileType = wrapper.framework; name = ARKit.framework; path = System/Library/Frameworks/ARKit.framework; sourceTree = SDKROOT; };
		2EC38507200E376E00ED064B /* swiftyRecorder.app */ = {isa = PBXFileReference; explicitFileType = wrapper.application; includeInIndex = 0; path = swiftyRecorder.app; sourceTree = BUILT_PRODUCTS_DIR; };
		2EC3850A200E376E00ED064B /* AppDelegate.swift */ = {isa = PBXFileReference; lastKnownFileType = sourcecode.swift; path = AppDelegate.swift; sourceTree = "<group>"; };
		2EC3850C200E376E00ED064B /* art.scnassets */ = {isa = PBXFileReference; lastKnownFileType = wrapper.scnassets; path = art.scnassets; sourceTree = "<group>"; };
		2EC3850E200E376E00ED064B /* ViewController.swift */ = {isa = PBXFileReference; lastKnownFileType = sourcecode.swift; path = ViewController.swift; sourceTree = "<group>"; };
		2EC38511200E376E00ED064B /* Base */ = {isa = PBXFileReference; lastKnownFileType = file.storyboard; name = Base; path = Base.lproj/Main.storyboard; sourceTree = "<group>"; };
		2EC38513200E376E00ED064B /* Assets.xcassets */ = {isa = PBXFileReference; lastKnownFileType = folder.assetcatalog; path = Assets.xcassets; sourceTree = "<group>"; };
		2EC38516200E376E00ED064B /* Base */ = {isa = PBXFileReference; lastKnownFileType = file.storyboard; name = Base; path = Base.lproj/LaunchScreen.storyboard; sourceTree = "<group>"; };
		2EC38518200E376E00ED064B /* Info.plist */ = {isa = PBXFileReference; lastKnownFileType = text.plist.xml; path = Info.plist; sourceTree = "<group>"; };
		2EC38521200E3D2800ED064B /* Package.swift */ = {isa = PBXFileReference; lastKnownFileType = sourcecode.swift; path = Package.swift; sourceTree = SOURCE_ROOT; };
/* End PBXFileReference section */

/* Begin PBXFrameworksBuildPhase section */
		2EC38504200E376E00ED064B /* Frameworks */ = {
			isa = PBXFrameworksBuildPhase;
			buildActionMask = 2147483647;
			files = (
				2E4BCE542020C05100B5307F /* ARKit.framework in Frameworks */,
			);
			runOnlyForDeploymentPostprocessing = 0;
		};
/* End PBXFrameworksBuildPhase section */

/* Begin PBXGroup section */
		2E17629B200F662D00E8AD68 /* Products */ = {
			isa = PBXGroup;
			children = (
				2E17629F200F662E00E8AD68 /* SwiftOSC.framework */,
			);
			name = Products;
			sourceTree = "<group>";
		};
		2EC384FE200E376E00ED064B = {
			isa = PBXGroup;
			children = (
				2E17629A200F662D00E8AD68 /* iOS.xcodeproj */,
				2EC38509200E376E00ED064B /* swiftyRecorder */,
				2EC38508200E376E00ED064B /* Products */,
				2EC3851E200E3C7D00ED064B /* Frameworks */,
			);
			sourceTree = "<group>";
		};
		2EC38508200E376E00ED064B /* Products */ = {
			isa = PBXGroup;
			children = (
				2EC38507200E376E00ED064B /* swiftyRecorder.app */,
			);
			name = Products;
			sourceTree = "<group>";
		};
		2EC38509200E376E00ED064B /* swiftyRecorder */ = {
			isa = PBXGroup;
			children = (
				2EC3850A200E376E00ED064B /* AppDelegate.swift */,
				2EC3850C200E376E00ED064B /* art.scnassets */,
				2EC3850E200E376E00ED064B /* ViewController.swift */,
				2E0E63A1208BF99E00CE02AA /* OlvViewController.swift */,
				2EC38510200E376E00ED064B /* Main.storyboard */,
				2E1762AA200F7BD300E8AD68 /* SecondViewController.swift */,
				2EC38513200E376E00ED064B /* Assets.xcassets */,
				2EC38515200E376E00ED064B /* LaunchScreen.storyboard */,
				2EC38518200E376E00ED064B /* Info.plist */,
				2EC38521200E3D2800ED064B /* Package.swift */,
			);
			path = swiftyRecorder;
			sourceTree = "<group>";
		};
		2EC3851E200E3C7D00ED064B /* Frameworks */ = {
			isa = PBXGroup;
			children = (
				2E4BCE4D2020C05100B5307F /* ARKit.framework */,
			);
			name = Frameworks;
			sourceTree = "<group>";
		};
/* End PBXGroup section */

/* Begin PBXNativeTarget section */
		2EC38506200E376E00ED064B /* swiftyRecorder */ = {
			isa = PBXNativeTarget;
			buildConfigurationList = 2EC3851B200E376E00ED064B /* Build configuration list for PBXNativeTarget "swiftyRecorder" */;
			buildPhases = (
				2EC38503200E376E00ED064B /* Sources */,
				2EC38504200E376E00ED064B /* Frameworks */,
				2EC38505200E376E00ED064B /* Resources */,
				2EF6429C208B3603004B0FAE /* Embed Frameworks */,
			);
			buildRules = (
			);
			dependencies = (
			);
			name = swiftyRecorder;
			productName = swiftyApp;
			productReference = 2EC38507200E376E00ED064B /* swiftyRecorder.app */;
			productType = "com.apple.product-type.application";
		};
/* End PBXNativeTarget section */

/* Begin PBXProject section */
		2EC384FF200E376E00ED064B /* Project object */ = {
			isa = PBXProject;
			attributes = {
				LastSwiftUpdateCheck = 0920;
				LastUpgradeCheck = 0930;
				ORGANIZATIONNAME = "Patrik Jonell";
				TargetAttributes = {
					2EC38506200E376E00ED064B = {
						CreatedOnToolsVersion = 9.2;
						ProvisioningStyle = Automatic;
					};
				};
			};
			buildConfigurationList = 2EC38502200E376E00ED064B /* Build configuration list for PBXProject "swiftyRecorder" */;
			compatibilityVersion = "Xcode 8.0";
			developmentRegion = en;
			hasScannedForEncodings = 0;
			knownRegions = (
				en,
				Base,
			);
			mainGroup = 2EC384FE200E376E00ED064B;
			productRefGroup = 2EC38508200E376E00ED064B /* Products */;
			projectDirPath = "";
			projectReferences = (
				{
					ProductGroup = 2E17629B200F662D00E8AD68 /* Products */;
					ProjectRef = 2E17629A200F662D00E8AD68 /* iOS.xcodeproj */;
				},
			);
			projectRoot = "";
			targets = (
				2EC38506200E376E00ED064B /* swiftyRecorder */,
			);
		};
/* End PBXProject section */

/* Begin PBXReferenceProxy section */
		2E17629F200F662E00E8AD68 /* SwiftOSC.framework */ = {
			isa = PBXReferenceProxy;
			fileType = wrapper.framework;
			path = SwiftOSC.framework;
			remoteRef = 2E17629E200F662E00E8AD68 /* PBXContainerItemProxy */;
			sourceTree = BUILT_PRODUCTS_DIR;
		};
/* End PBXReferenceProxy section */

/* Begin PBXResourcesBuildPhase section */
		2EC38505200E376E00ED064B /* Resources */ = {
			isa = PBXResourcesBuildPhase;
			buildActionMask = 2147483647;
			files = (
				2EC3850D200E376E00ED064B /* art.scnassets in Resources */,
				2EC38517200E376E00ED064B /* LaunchScreen.storyboard in Resources */,
				2EC38514200E376E00ED064B /* Assets.xcassets in Resources */,
				2EC38512200E376E00ED064B /* Main.storyboard in Resources */,
			);
			runOnlyForDeploymentPostprocessing = 0;
		};
/* End PBXResourcesBuildPhase section */

/* Begin PBXSourcesBuildPhase section */
		2EC38503200E376E00ED064B /* Sources */ = {
			isa = PBXSourcesBuildPhase;
			buildActionMask = 2147483647;
			files = (
				2E1762AB200F7BD300E8AD68 /* SecondViewController.swift in Sources */,
				2EC38522200E3D2800ED064B /* Package.swift in Sources */,
				2EC3850F200E376E00ED064B /* ViewController.swift in Sources */,
				2E0E63A2208BF99E00CE02AA /* OlvViewController.swift in Sources */,
				2EC3850B200E376E00ED064B /* AppDelegate.swift in Sources */,
			);
			runOnlyForDeploymentPostprocessing = 0;
		};
/* End PBXSourcesBuildPhase section */

/* Begin PBXVariantGroup section */
		2EC38510200E376E00ED064B /* Main.storyboard */ = {
			isa = PBXVariantGroup;
			children = (
				2EC38511200E376E00ED064B /* Base */,
			);
			name = Main.storyboard;
			sourceTree = "<group>";
		};
		2EC38515200E376E00ED064B /* LaunchScreen.storyboard */ = {
			isa = PBXVariantGroup;
			children = (
				2EC38516200E376E00ED064B /* Base */,
			);
			name = LaunchScreen.storyboard;
			sourceTree = "<group>";
		};
/* End PBXVariantGroup section */

/* Begin XCBuildConfiguration section */
		2EC38519200E376E00ED064B /* Debug */ = {
			isa = XCBuildConfiguration;
			buildSettings = {
				ALWAYS_SEARCH_USER_PATHS = NO;
				CLANG_ANALYZER_NONNULL = YES;
				CLANG_ANALYZER_NUMBER_OBJECT_CONVERSION = YES_AGGRESSIVE;
				CLANG_CXX_LANGUAGE_STANDARD = "gnu++14";
				CLANG_CXX_LIBRARY = "libc++";
				CLANG_ENABLE_MODULES = YES;
				CLANG_ENABLE_OBJC_ARC = YES;
				CLANG_WARN_BLOCK_CAPTURE_AUTORELEASING = YES;
				CLANG_WARN_BOOL_CONVERSION = YES;
				CLANG_WARN_COMMA = YES;
				CLANG_WARN_CONSTANT_CONVERSION = YES;
				CLANG_WARN_DEPRECATED_OBJC_IMPLEMENTATIONS = YES;
				CLANG_WARN_DIRECT_OBJC_ISA_USAGE = YES_ERROR;
				CLANG_WARN_DOCUMENTATION_COMMENTS = YES;
				CLANG_WARN_EMPTY_BODY = YES;
				CLANG_WARN_ENUM_CONVERSION = YES;
				CLANG_WARN_INFINITE_RECURSION = YES;
				CLANG_WARN_INT_CONVERSION = YES;
				CLANG_WARN_NON_LITERAL_NULL_CONVERSION = YES;
				CLANG_WARN_OBJC_IMPLICIT_RETAIN_SELF = YES;
				CLANG_WARN_OBJC_LITERAL_CONVERSION = YES;
				CLANG_WARN_OBJC_ROOT_CLASS = YES_ERROR;
				CLANG_WARN_RANGE_LOOP_ANALYSIS = YES;
				CLANG_WARN_STRICT_PROTOTYPES = YES;
				CLANG_WARN_SUSPICIOUS_MOVE = YES;
				CLANG_WARN_UNGUARDED_AVAILABILITY = YES_AGGRESSIVE;
				CLANG_WARN_UNREACHABLE_CODE = YES;
				CLANG_WARN__DUPLICATE_METHOD_MATCH = YES;
				CODE_SIGN_IDENTITY = "iPhone Developer";
				COPY_PHASE_STRIP = NO;
				DEBUG_INFORMATION_FORMAT = dwarf;
				ENABLE_STRICT_OBJC_MSGSEND = YES;
				ENABLE_TESTABILITY = YES;
				GCC_C_LANGUAGE_STANDARD = gnu11;
				GCC_DYNAMIC_NO_PIC = NO;
				GCC_NO_COMMON_BLOCKS = YES;
				GCC_OPTIMIZATION_LEVEL = 0;
				GCC_PREPROCESSOR_DEFINITIONS = (
					"DEBUG=1",
					"$(inherited)",
				);
				GCC_WARN_64_TO_32_BIT_CONVERSION = YES;
				GCC_WARN_ABOUT_RETURN_TYPE = YES_ERROR;
				GCC_WARN_UNDECLARED_SELECTOR = YES;
				GCC_WARN_UNINITIALIZED_AUTOS = YES_AGGRESSIVE;
				GCC_WARN_UNUSED_FUNCTION = YES;
				GCC_WARN_UNUSED_VARIABLE = YES;
				IPHONEOS_DEPLOYMENT_TARGET = 11.2;
				MTL_ENABLE_DEBUG_INFO = YES;
				ONLY_ACTIVE_ARCH = YES;
				SDKROOT = iphoneos;
				SWIFT_ACTIVE_COMPILATION_CONDITIONS = DEBUG;
				SWIFT_OPTIMIZATION_LEVEL = "-Onone";
			};
			name = Debug;
		};
		2EC3851A200E376E00ED064B /* Release */ = {
			isa = XCBuildConfiguration;
			buildSettings = {
				ALWAYS_SEARCH_USER_PATHS = NO;
				CLANG_ANALYZER_NONNULL = YES;
				CLANG_ANALYZER_NUMBER_OBJECT_CONVERSION = YES_AGGRESSIVE;
				CLANG_CXX_LANGUAGE_STANDARD = "gnu++14";
				CLANG_CXX_LIBRARY = "libc++";
				CLANG_ENABLE_MODULES = YES;
				CLANG_ENABLE_OBJC_ARC = YES;
				CLANG_WARN_BLOCK_CAPTURE_AUTORELEASING = YES;
				CLANG_WARN_BOOL_CONVERSION = YES;
				CLANG_WARN_COMMA = YES;
				CLANG_WARN_CONSTANT_CONVERSION = YES;
				CLANG_WARN_DEPRECATED_OBJC_IMPLEMENTATIONS = YES;
				CLANG_WARN_DIRECT_OBJC_ISA_USAGE = YES_ERROR;
				CLANG_WARN_DOCUMENTATION_COMMENTS = YES;
				CLANG_WARN_EMPTY_BODY = YES;
				CLANG_WARN_ENUM_CONVERSION = YES;
				CLANG_WARN_INFINITE_RECURSION = YES;
				CLANG_WARN_INT_CONVERSION = YES;
				CLANG_WARN_NON_LITERAL_NULL_CONVERSION = YES;
				CLANG_WARN_OBJC_IMPLICIT_RETAIN_SELF = YES;
				CLANG_WARN_OBJC_LITERAL_CONVERSION = YES;
				CLANG_WARN_OBJC_ROOT_CLASS = YES_ERROR;
				CLANG_WARN_RANGE_LOOP_ANALYSIS = YES;
				CLANG_WARN_STRICT_PROTOTYPES = YES;
				CLANG_WARN_SUSPICIOUS_MOVE = YES;
				CLANG_WARN_UNGUARDED_AVAILABILITY = YES_AGGRESSIVE;
				CLANG_WARN_UNREACHABLE_CODE = YES;
				CLANG_WARN__DUPLICATE_METHOD_MATCH = YES;
				CODE_SIGN_IDENTITY = "iPhone Developer";
				COPY_PHASE_STRIP = NO;
				DEBUG_INFORMATION_FORMAT = "dwarf-with-dsym";
				ENABLE_NS_ASSERTIONS = NO;
				ENABLE_STRICT_OBJC_MSGSEND = YES;
				GCC_C_LANGUAGE_STANDARD = gnu11;
				GCC_NO_COMMON_BLOCKS = YES;
				GCC_WARN_64_TO_32_BIT_CONVERSION = YES;
				GCC_WARN_ABOUT_RETURN_TYPE = YES_ERROR;
				GCC_WARN_UNDECLARED_SELECTOR = YES;
				GCC_WARN_UNINITIALIZED_AUTOS = YES_AGGRESSIVE;
				GCC_WARN_UNUSED_FUNCTION = YES;
				GCC_WARN_UNUSED_VARIABLE = YES;
				IPHONEOS_DEPLOYMENT_TARGET = 11.2;
				MTL_ENABLE_DEBUG_INFO = NO;
				SDKROOT = iphoneos;
				SWIFT_OPTIMIZATION_LEVEL = "-Owholemodule";
				VALIDATE_PRODUCT = YES;
			};
			name = Release;
		};
		2EC3851C200E376E00ED064B /* Debug */ = {
			isa = XCBuildConfiguration;
			buildSettings = {
				ASSETCATALOG_COMPILER_APPICON_NAME = AppIcon;
				CODE_SIGN_STYLE = Automatic;
				DEVELOPMENT_TEAM = A2R4ZRNVUD;
				INFOPLIST_FILE = swiftyRecorder/Info.plist;
				LD_RUNPATH_SEARCH_PATHS = "$(inherited) @executable_path/Frameworks";
				PRODUCT_BUNDLE_IDENTIFIER = com.patrikjonell.swiftyRecorder;
				PRODUCT_NAME = "$(TARGET_NAME)";
				SWIFT_VERSION = 4.0;
				TARGETED_DEVICE_FAMILY = "1,2";
			};
			name = Debug;
		};
		2EC3851D200E376E00ED064B /* Release */ = {
			isa = XCBuildConfiguration;
			buildSettings = {
				ASSETCATALOG_COMPILER_APPICON_NAME = AppIcon;
				CODE_SIGN_STYLE = Automatic;
				DEVELOPMENT_TEAM = A2R4ZRNVUD;
				INFOPLIST_FILE = swiftyRecorder/Info.plist;
				LD_RUNPATH_SEARCH_PATHS = "$(inherited) @executable_path/Frameworks";
				PRODUCT_BUNDLE_IDENTIFIER = com.patrikjonell.swiftyRecorder;
				PRODUCT_NAME = "$(TARGET_NAME)";
				SWIFT_VERSION = 4.0;
				TARGETED_DEVICE_FAMILY = "1,2";
			};
			name = Release;
		};
/* End XCBuildConfiguration section */

/* Begin XCConfigurationList section */
		2EC38502200E376E00ED064B /* Build configuration list for PBXProject "swiftyRecorder" */ = {
			isa = XCConfigurationList;
			buildConfigurations = (
				2EC38519200E376E00ED064B /* Debug */,
				2EC3851A200E376E00ED064B /* Release */,
			);
			defaultConfigurationIsVisible = 0;
			defaultConfigurationName = Release;
		};
		2EC3851B200E376E00ED064B /* Build configuration list for PBXNativeTarget "swiftyRecorder" */ = {
			isa = XCConfigurationList;
			buildConfigurations = (
				2EC3851C200E376E00ED064B /* Debug */,
				2EC3851D200E376E00ED064B /* Release */,
			);
			defaultConfigurationIsVisible = 0;
			defaultConfigurationName = Release;
		};
/* End XCConfigurationList section */
	};
	rootObject = 2EC384FF200E376E00ED064B /* Project object */;
}
